
Microsoft Visual Studio Solution File, Format Version 12.00
# Visual Studio Version 17
VisualStudioVersion = 17.3.32825.248
MinimumVisualStudioVersion = 10.0.40219.1
Project("{FAE04EC0-301F-11D3-BF4B-00C04F79EFBC}") = "03_bitacora", "03_bitacora.csproj", "{6EB137E1-59BE-4AA3-BAD5-9771C732D128}"
EndProject
Global
	GlobalSection(SolutionConfigurationPlatforms) = preSolution
		Debug|Any CPU = Debug|Any CPU
		Release|Any CPU = Release|Any CPU
	EndGlobalSection
	GlobalSection(ProjectConfigurationPlatforms) = postSolution
		{6EB137E1-59BE-4AA3-BAD5-9771C732D128}.Debug|Any CPU.ActiveCfg = Debug|Any CPU
		{6EB137E1-59BE-4AA3-BAD5-9771C732D128}.Debug|Any CPU.Build.0 = Debug|Any CPU
		{6EB137E1-59BE-4AA3-BAD5-9771C732D128}.Release|Any CPU.ActiveCfg = Release|Any CPU
		{6EB137E1-59BE-4AA3-BAD5-9771C732D128}.Release|Any CPU.Build.0 = Release|Any CPU
	EndGlobalSection
	GlobalSection(SolutionProperties) = preSolution
		HideSolutionNode = FALSE
	EndGlobalSection
	GlobalSection(ExtensibilityGlobals) = postSolution
		SolutionGuid = {955DB8B8-13DB-4911-A5DC-5329B512BFDB}
	EndGlobalSection
EndGlobal
